# generated by rye
# use `rye lock` or `rye sync` to update this lockfile
#
# last locked with the following flags:
#   pre: false
#   features: []
#   all-features: true
#   with-sources: false
#   generate-hashes: false
#   universal: false

-e file:.
biopython==1.85
    # via pybarrnap
numpy==2.0.2
    # via biopython
psutil==6.1.1
    # via pyhmmer
pyhmmer==0.11.0
    # via pybarrnap
