# generated by rye
# use `rye lock` or `rye sync` to update this lockfile
#
# last locked with the following flags:
#   pre: false
#   features: []
#   all-features: false
#   with-sources: false
#   generate-hashes: false
#   universal: false

-e file:.
biopython==1.83
    # via pybarrnap
numpy==1.24.4
    # via biopython
psutil==5.9.8
    # via pyhmmer
pyhmmer==0.10.14
    # via pybarrnap
